
Microsoft Visual Studio Solution File, Format Version 12.00
# Visual Studio Version 17
VisualStudioVersion = 17.10.35122.118
MinimumVisualStudioVersion = 10.0.40219.1
Project("{FAE04EC0-301F-11D3-BF4B-00C04F79EFBC}") = "Assignment3", "Assignment3.csproj", "{52C0C7D8-3A71-443C-86F1-EC85EC0EF304}"
EndProject
Global
	GlobalSection(SolutionConfigurationPlatforms) = preSolution
		Debug|Any CPU = Debug|Any CPU
		Release|Any CPU = Release|Any CPU
	EndGlobalSection
	GlobalSection(ProjectConfigurationPlatforms) = postSolution
		{52C0C7D8-3A71-443C-86F1-EC85EC0EF304}.Debug|Any CPU.ActiveCfg = Debug|Any CPU
		{52C0C7D8-3A71-443C-86F1-EC85EC0EF304}.Debug|Any CPU.Build.0 = Debug|Any CPU
		{52C0C7D8-3A71-443C-86F1-EC85EC0EF304}.Release|Any CPU.ActiveCfg = Release|Any CPU
		{52C0C7D8-3A71-443C-86F1-EC85EC0EF304}.Release|Any CPU.Build.0 = Release|Any CPU
	EndGlobalSection
	GlobalSection(SolutionProperties) = preSolution
		HideSolutionNode = FALSE
	EndGlobalSection
	GlobalSection(ExtensibilityGlobals) = postSolution
		SolutionGuid = {688A28D3-7A5E-4B8A-80C8-C384E9002E6A}
	EndGlobalSection
EndGlobal
